
Microsoft Visual Studio Solution File, Format Version 12.00
# Visual Studio Version 17
VisualStudioVersion = 17.11.35327.3
MinimumVisualStudioVersion = 10.0.40219.1
Project("{2150E333-8FDC-42A3-9474-1A3956D46DE8}") = "Task 0", "Task 0", "{40560E39-DE28-4053-8170-817196E574FA}"
EndProject
Project("{9A19103F-16F7-4668-BE54-9A1E7A4F7556}") = "Tyuiu.ShmidtAA.Sprint5.Task0.V17.Lib", "Tyuiu.ShmidtAA.Sprint5.Task0.V17.Lib\Tyuiu.ShmidtAA.Sprint5.Task0.V17.Lib.csproj", "{58828DFE-D8FE-4C89-AB40-98313541A719}"
EndProject
Project("{9A19103F-16F7-4668-BE54-9A1E7A4F7556}") = "Tyuiu.ShmidtAA.Sprint5.Task0.V17", "Tyuiu.ShmidtAA.Sprint5.Task0.V17\Tyuiu.ShmidtAA.Sprint5.Task0.V17.csproj", "{3B6E369F-CEFC-4B03-868B-4DD74F65D37A}"
EndProject
Project("{9A19103F-16F7-4668-BE54-9A1E7A4F7556}") = "Tyuiu.ShmidtAA.Sprint5.Task0.V17.Test", "Tyuiu.ShmidtAA.Sprint5.Task0.V17.Test\Tyuiu.ShmidtAA.Sprint5.Task0.V17.Test.csproj", "{F2CF96B9-C496-4949-BF09-4024466C2A19}"
EndProject
Project("{2150E333-8FDC-42A3-9474-1A3956D46DE8}") = "Task 1", "Task 1", "{A4D7EB4B-FB5F-4BB5-9D13-D1626EFDE23C}"
EndProject
Project("{9A19103F-16F7-4668-BE54-9A1E7A4F7556}") = "Tyuiu.ShmidtAA.Sprint5.Task1.V18", "Tyuiu.ShmidtAA.Sprint5.Task1.V18\Tyuiu.ShmidtAA.Sprint5.Task1.V18.csproj", "{E46315B7-DD9A-4BC8-B636-994A00DEA66A}"
EndProject
Project("{9A19103F-16F7-4668-BE54-9A1E7A4F7556}") = "Tyuiu.ShmidtAA.Sprint5.Task1.V18.Lib", "Tyuiu.ShmidtAA.Sprint5.Task1.V18.Lib\Tyuiu.ShmidtAA.Sprint5.Task1.V18.Lib.csproj", "{E6F8EC3F-8038-482D-AE51-AAC8FE2988CD}"
EndProject
Project("{9A19103F-16F7-4668-BE54-9A1E7A4F7556}") = "Tyuiu.ShmidtAA.Sprint5.Task1.V18.Test", "Tyuiu.ShmidtAA.Sprint5.Task1.V18.Test\Tyuiu.ShmidtAA.Sprint5.Task1.V18.Test.csproj", "{FF023ED2-A264-45E8-96E6-445E0B8B51C8}"
EndProject
Project("{2150E333-8FDC-42A3-9474-1A3956D46DE8}") = "Task 2", "Task 2", "{EA6A4B78-8014-47AE-8D28-D9A06F49863C}"
EndProject
Project("{9A19103F-16F7-4668-BE54-9A1E7A4F7556}") = "Tyuiu.ShmidtAA.Sprint5.Task2.V18", "Tyuiu.ShmidtAA.Sprint5.Task2.V18\Tyuiu.ShmidtAA.Sprint5.Task2.V18.csproj", "{55A779F8-9819-4BC4-8948-80A84C739CA2}"
EndProject
Project("{9A19103F-16F7-4668-BE54-9A1E7A4F7556}") = "Tyuiu.ShmidtAA.Sprint5.Task2.V18.Lib", "Tyuiu.ShmidtAA.Sprint5.Task2.V18.Lib\Tyuiu.ShmidtAA.Sprint5.Task2.V18.Lib.csproj", "{1CF42AC4-7E16-4753-B5F2-5D1FE94B303C}"
EndProject
Project("{9A19103F-16F7-4668-BE54-9A1E7A4F7556}") = "Tyuiu.ShmidtAA.Sprint5.Task2.V18.Test", "Tyuiu.ShmidtAA.Sprint5.Task2.V18.Test\Tyuiu.ShmidtAA.Sprint5.Task2.V18.Test.csproj", "{E0EDDE78-E07F-4D45-97E8-6A18E9D7D7D3}"
EndProject
Project("{2150E333-8FDC-42A3-9474-1A3956D46DE8}") = "Task 3", "Task 3", "{F9013505-81B9-4223-9587-FAF1A2ECF6F7}"
EndProject
Project("{FAE04EC0-301F-11D3-BF4B-00C04F79EFBC}") = "Tyuiu.ShmidtAA.Sprint5.Task3.V14", "Tyuiu.ShmidtAA.Sprint5.Task3.V14\Tyuiu.ShmidtAA.Sprint5.Task3.V14.csproj", "{43012CBE-701E-4D30-8658-F514A35BB36E}"
EndProject
Project("{FAE04EC0-301F-11D3-BF4B-00C04F79EFBC}") = "Tyuiu.ShmidtAA.Sprint5.Task3.V14.Lib", "Tyuiu.ShmidtAA.Sprint5.Task3.V14.Lib\Tyuiu.ShmidtAA.Sprint5.Task3.V14.Lib.csproj", "{267A2789-1EEB-4351-A69B-D8AC0C16CA6A}"
EndProject
Project("{FAE04EC0-301F-11D3-BF4B-00C04F79EFBC}") = "Tyuiu.ShmidtAA.Sprint5.Task3.V14.Test", "Tyuiu.ShmidtAA.Sprint5.Task3.V14.Test\Tyuiu.ShmidtAA.Sprint5.Task3.V14.Test.csproj", "{A9082D9D-D95E-45BC-9C56-8B7E117C2C73}"
EndProject
Global
	GlobalSection(SolutionConfigurationPlatforms) = preSolution
		Debug|Any CPU = Debug|Any CPU
		Release|Any CPU = Release|Any CPU
	EndGlobalSection
	GlobalSection(ProjectConfigurationPlatforms) = postSolution
		{58828DFE-D8FE-4C89-AB40-98313541A719}.Debug|Any CPU.ActiveCfg = Debug|Any CPU
		{58828DFE-D8FE-4C89-AB40-98313541A719}.Debug|Any CPU.Build.0 = Debug|Any CPU
		{58828DFE-D8FE-4C89-AB40-98313541A719}.Release|Any CPU.ActiveCfg = Release|Any CPU
		{58828DFE-D8FE-4C89-AB40-98313541A719}.Release|Any CPU.Build.0 = Release|Any CPU
		{3B6E369F-CEFC-4B03-868B-4DD74F65D37A}.Debug|Any CPU.ActiveCfg = Debug|Any CPU
		{3B6E369F-CEFC-4B03-868B-4DD74F65D37A}.Debug|Any CPU.Build.0 = Debug|Any CPU
		{3B6E369F-CEFC-4B03-868B-4DD74F65D37A}.Release|Any CPU.ActiveCfg = Release|Any CPU
		{3B6E369F-CEFC-4B03-868B-4DD74F65D37A}.Release|Any CPU.Build.0 = Release|Any CPU
		{F2CF96B9-C496-4949-BF09-4024466C2A19}.Debug|Any CPU.ActiveCfg = Debug|Any CPU
		{F2CF96B9-C496-4949-BF09-4024466C2A19}.Debug|Any CPU.Build.0 = Debug|Any CPU
		{F2CF96B9-C496-4949-BF09-4024466C2A19}.Release|Any CPU.ActiveCfg = Release|Any CPU
		{F2CF96B9-C496-4949-BF09-4024466C2A19}.Release|Any CPU.Build.0 = Release|Any CPU
		{E46315B7-DD9A-4BC8-B636-994A00DEA66A}.Debug|Any CPU.ActiveCfg = Debug|Any CPU
		{E46315B7-DD9A-4BC8-B636-994A00DEA66A}.Debug|Any CPU.Build.0 = Debug|Any CPU
		{E46315B7-DD9A-4BC8-B636-994A00DEA66A}.Release|Any CPU.ActiveCfg = Release|Any CPU
		{E46315B7-DD9A-4BC8-B636-994A00DEA66A}.Release|Any CPU.Build.0 = Release|Any CPU
		{E6F8EC3F-8038-482D-AE51-AAC8FE2988CD}.Debug|Any CPU.ActiveCfg = Debug|Any CPU
		{E6F8EC3F-8038-482D-AE51-AAC8FE2988CD}.Debug|Any CPU.Build.0 = Debug|Any CPU
		{E6F8EC3F-8038-482D-AE51-AAC8FE2988CD}.Release|Any CPU.ActiveCfg = Release|Any CPU
		{E6F8EC3F-8038-482D-AE51-AAC8FE2988CD}.Release|Any CPU.Build.0 = Release|Any CPU
		{FF023ED2-A264-45E8-96E6-445E0B8B51C8}.Debug|Any CPU.ActiveCfg = Debug|Any CPU
		{FF023ED2-A264-45E8-96E6-445E0B8B51C8}.Debug|Any CPU.Build.0 = Debug|Any CPU
		{FF023ED2-A264-45E8-96E6-445E0B8B51C8}.Release|Any CPU.ActiveCfg = Release|Any CPU
		{FF023ED2-A264-45E8-96E6-445E0B8B51C8}.Release|Any CPU.Build.0 = Release|Any CPU
		{55A779F8-9819-4BC4-8948-80A84C739CA2}.Debug|Any CPU.ActiveCfg = Debug|Any CPU
		{55A779F8-9819-4BC4-8948-80A84C739CA2}.Debug|Any CPU.Build.0 = Debug|Any CPU
		{55A779F8-9819-4BC4-8948-80A84C739CA2}.Release|Any CPU.ActiveCfg = Release|Any CPU
		{55A779F8-9819-4BC4-8948-80A84C739CA2}.Release|Any CPU.Build.0 = Release|Any CPU
		{1CF42AC4-7E16-4753-B5F2-5D1FE94B303C}.Debug|Any CPU.ActiveCfg = Debug|Any CPU
		{1CF42AC4-7E16-4753-B5F2-5D1FE94B303C}.Debug|Any CPU.Build.0 = Debug|Any CPU
		{1CF42AC4-7E16-4753-B5F2-5D1FE94B303C}.Release|Any CPU.ActiveCfg = Release|Any CPU
		{1CF42AC4-7E16-4753-B5F2-5D1FE94B303C}.Release|Any CPU.Build.0 = Release|Any CPU
		{E0EDDE78-E07F-4D45-97E8-6A18E9D7D7D3}.Debug|Any CPU.ActiveCfg = Debug|Any CPU
		{E0EDDE78-E07F-4D45-97E8-6A18E9D7D7D3}.Debug|Any CPU.Build.0 = Debug|Any CPU
		{E0EDDE78-E07F-4D45-97E8-6A18E9D7D7D3}.Release|Any CPU.ActiveCfg = Release|Any CPU
		{E0EDDE78-E07F-4D45-97E8-6A18E9D7D7D3}.Release|Any CPU.Build.0 = Release|Any CPU
		{43012CBE-701E-4D30-8658-F514A35BB36E}.Debug|Any CPU.ActiveCfg = Debug|Any CPU
		{43012CBE-701E-4D30-8658-F514A35BB36E}.Debug|Any CPU.Build.0 = Debug|Any CPU
		{43012CBE-701E-4D30-8658-F514A35BB36E}.Release|Any CPU.ActiveCfg = Release|Any CPU
		{43012CBE-701E-4D30-8658-F514A35BB36E}.Release|Any CPU.Build.0 = Release|Any CPU
		{267A2789-1EEB-4351-A69B-D8AC0C16CA6A}.Debug|Any CPU.ActiveCfg = Debug|Any CPU
		{267A2789-1EEB-4351-A69B-D8AC0C16CA6A}.Debug|Any CPU.Build.0 = Debug|Any CPU
		{267A2789-1EEB-4351-A69B-D8AC0C16CA6A}.Release|Any CPU.ActiveCfg = Release|Any CPU
		{267A2789-1EEB-4351-A69B-D8AC0C16CA6A}.Release|Any CPU.Build.0 = Release|Any CPU
		{A9082D9D-D95E-45BC-9C56-8B7E117C2C73}.Debug|Any CPU.ActiveCfg = Debug|Any CPU
		{A9082D9D-D95E-45BC-9C56-8B7E117C2C73}.Debug|Any CPU.Build.0 = Debug|Any CPU
		{A9082D9D-D95E-45BC-9C56-8B7E117C2C73}.Release|Any CPU.ActiveCfg = Release|Any CPU
		{A9082D9D-D95E-45BC-9C56-8B7E117C2C73}.Release|Any CPU.Build.0 = Release|Any CPU
	EndGlobalSection
	GlobalSection(SolutionProperties) = preSolution
		HideSolutionNode = FALSE
	EndGlobalSection
	GlobalSection(NestedProjects) = preSolution
		{58828DFE-D8FE-4C89-AB40-98313541A719} = {40560E39-DE28-4053-8170-817196E574FA}
		{3B6E369F-CEFC-4B03-868B-4DD74F65D37A} = {40560E39-DE28-4053-8170-817196E574FA}
		{F2CF96B9-C496-4949-BF09-4024466C2A19} = {40560E39-DE28-4053-8170-817196E574FA}
		{E46315B7-DD9A-4BC8-B636-994A00DEA66A} = {A4D7EB4B-FB5F-4BB5-9D13-D1626EFDE23C}
		{E6F8EC3F-8038-482D-AE51-AAC8FE2988CD} = {A4D7EB4B-FB5F-4BB5-9D13-D1626EFDE23C}
		{FF023ED2-A264-45E8-96E6-445E0B8B51C8} = {A4D7EB4B-FB5F-4BB5-9D13-D1626EFDE23C}
		{55A779F8-9819-4BC4-8948-80A84C739CA2} = {EA6A4B78-8014-47AE-8D28-D9A06F49863C}
		{1CF42AC4-7E16-4753-B5F2-5D1FE94B303C} = {EA6A4B78-8014-47AE-8D28-D9A06F49863C}
		{E0EDDE78-E07F-4D45-97E8-6A18E9D7D7D3} = {EA6A4B78-8014-47AE-8D28-D9A06F49863C}
		{43012CBE-701E-4D30-8658-F514A35BB36E} = {F9013505-81B9-4223-9587-FAF1A2ECF6F7}
		{267A2789-1EEB-4351-A69B-D8AC0C16CA6A} = {F9013505-81B9-4223-9587-FAF1A2ECF6F7}
		{A9082D9D-D95E-45BC-9C56-8B7E117C2C73} = {F9013505-81B9-4223-9587-FAF1A2ECF6F7}
	EndGlobalSection
	GlobalSection(ExtensibilityGlobals) = postSolution
		SolutionGuid = {59C990F4-D96A-4899-B9DE-B4C3E4281078}
	EndGlobalSection
EndGlobal
